
Microsoft Visual Studio Solution File, Format Version 12.00
Project("{FAE04EC0-301F-11D3-BF4B-00C04F79EFBC}") = "Apollo.Web", "Apollo.Web\Apollo.Web.csproj", "{955972B5-D72A-48DA-992E-126F834121D1}"
EndProject
Project("{FAE04EC0-301F-11D3-BF4B-00C04F79EFBC}") = "Apollo.Infrastructure", "Apollo.Infrastructure\Apollo.Infrastructure.csproj", "{BC1D4A4B-14AD-4C13-B522-F60441588493}"
EndProject
Project("{FAE04EC0-301F-11D3-BF4B-00C04F79EFBC}") = "Apollo.Domain", "Apollo.Domain\Apollo.Domain.csproj", "{388DD0E5-3BDD-4377-8361-169ABE1E52AF}"
EndProject
Project("{FAE04EC0-301F-11D3-BF4B-00C04F79EFBC}") = "Apollo.Infrastructure.Tests", "Apollo.Infrastructure.Tests\Apollo.Infrastructure.Tests.csproj", "{0023B13A-09A1-443C-B600-C64F9632C02D}"
EndProject
Project("{FAE04EC0-301F-11D3-BF4B-00C04F79EFBC}") = "Apollo.Domain.Tests", "Apollo.Domain.Tests\Apollo.Domain.Tests.csproj", "{9E3A7DA1-F8C2-4D64-9B2E-0B0C75AA63E4}"
EndProject
Global
	GlobalSection(SolutionConfigurationPlatforms) = preSolution
		Debug|Any CPU = Debug|Any CPU
		Release|Any CPU = Release|Any CPU
	EndGlobalSection
	GlobalSection(ProjectConfigurationPlatforms) = postSolution
		{955972B5-D72A-48DA-992E-126F834121D1}.Debug|Any CPU.ActiveCfg = Debug|Any CPU
		{955972B5-D72A-48DA-992E-126F834121D1}.Debug|Any CPU.Build.0 = Debug|Any CPU
		{955972B5-D72A-48DA-992E-126F834121D1}.Release|Any CPU.ActiveCfg = Release|Any CPU
		{955972B5-D72A-48DA-992E-126F834121D1}.Release|Any CPU.Build.0 = Release|Any CPU
		{BC1D4A4B-14AD-4C13-B522-F60441588493}.Debug|Any CPU.ActiveCfg = Debug|Any CPU
		{BC1D4A4B-14AD-4C13-B522-F60441588493}.Debug|Any CPU.Build.0 = Debug|Any CPU
		{BC1D4A4B-14AD-4C13-B522-F60441588493}.Release|Any CPU.ActiveCfg = Release|Any CPU
		{BC1D4A4B-14AD-4C13-B522-F60441588493}.Release|Any CPU.Build.0 = Release|Any CPU
		{388DD0E5-3BDD-4377-8361-169ABE1E52AF}.Debug|Any CPU.ActiveCfg = Debug|Any CPU
		{388DD0E5-3BDD-4377-8361-169ABE1E52AF}.Debug|Any CPU.Build.0 = Debug|Any CPU
		{388DD0E5-3BDD-4377-8361-169ABE1E52AF}.Release|Any CPU.ActiveCfg = Release|Any CPU
		{388DD0E5-3BDD-4377-8361-169ABE1E52AF}.Release|Any CPU.Build.0 = Release|Any CPU
		{0023B13A-09A1-443C-B600-C64F9632C02D}.Debug|Any CPU.ActiveCfg = Debug|Any CPU
		{0023B13A-09A1-443C-B600-C64F9632C02D}.Debug|Any CPU.Build.0 = Debug|Any CPU
		{0023B13A-09A1-443C-B600-C64F9632C02D}.Release|Any CPU.ActiveCfg = Release|Any CPU
		{0023B13A-09A1-443C-B600-C64F9632C02D}.Release|Any CPU.Build.0 = Release|Any CPU
		{9E3A7DA1-F8C2-4D64-9B2E-0B0C75AA63E4}.Debug|Any CPU.ActiveCfg = Debug|Any CPU
		{9E3A7DA1-F8C2-4D64-9B2E-0B0C75AA63E4}.Debug|Any CPU.Build.0 = Debug|Any CPU
		{9E3A7DA1-F8C2-4D64-9B2E-0B0C75AA63E4}.Release|Any CPU.ActiveCfg = Release|Any CPU
		{9E3A7DA1-F8C2-4D64-9B2E-0B0C75AA63E4}.Release|Any CPU.Build.0 = Release|Any CPU
	EndGlobalSection
EndGlobal
